// !$*UTF8*$!
{
	archiveVersion = 1;
	classes = {
	};
	objectVersion = 46;
	objects = {

/* Begin PBXBuildFile section */
		F327F611214677330043E9A6 /* prism.css in Resources */ = {isa = PBXBuildFile; fileRef = F385338820C1132F0056AAD6 /* prism.css */; };
		F3363BCF1FFD339900148B4F /* Regurgitator.m in Sources */ = {isa = PBXBuildFile; fileRef = F3363BCE1FFD339900148B4F /* Regurgitator.m */; };
		F3363BD11FFD33AD00148B4F /* Regurgitator.h in Headers */ = {isa = PBXBuildFile; fileRef = F3363BD01FFD33AD00148B4F /* Regurgitator.h */; };
		F36C99FA1FFFBD74001F5748 /* SwiftPreview.qlgenerator in CopyFiles */ = {isa = PBXBuildFile; fileRef = F38DB2081F3C546300896C80 /* SwiftPreview.qlgenerator */; };
		F36C99FE1FFFCFEE001F5748 /* swift_logo.png in Resources */ = {isa = PBXBuildFile; fileRef = F36C99FD1FFFCFEE001F5748 /* swift_logo.png */; };
		F36C9A001FFFDB34001F5748 /* page.html in Resources */ = {isa = PBXBuildFile; fileRef = F36C99FF1FFFDB34001F5748 /* page.html */; };
		F38DB20C1F3C546300896C80 /* GenerateThumbnailForURL.m in Sources */ = {isa = PBXBuildFile; fileRef = F38DB20B1F3C546300896C80 /* GenerateThumbnailForURL.m */; };
		F38DB20E1F3C546300896C80 /* GeneratePreviewForURL.m in Sources */ = {isa = PBXBuildFile; fileRef = F38DB20D1F3C546300896C80 /* GeneratePreviewForURL.m */; };
		F38DB2101F3C546300896C80 /* main.c in Sources */ = {isa = PBXBuildFile; fileRef = F38DB20F1F3C546300896C80 /* main.c */; };
		F3964AC61FFB9D1900CA6A1C /* prism.js in Resources */ = {isa = PBXBuildFile; fileRef = F3964AC51FFB9D1900CA6A1C /* prism.js */; };
/* End PBXBuildFile section */

/* Begin PBXCopyFilesBuildPhase section */
		F36C99F91FFFBCEA001F5748 /* CopyFiles */ = {
			isa = PBXCopyFilesBuildPhase;
			buildActionMask = 12;
			dstPath = "~/Library/QuickLook";
			dstSubfolderSpec = 0;
			files = (
				F36C99FA1FFFBD74001F5748 /* SwiftPreview.qlgenerator in CopyFiles */,
			);
			runOnlyForDeploymentPostprocessing = 0;
		};
/* End PBXCopyFilesBuildPhase section */

/* Begin PBXFileReference section */
		F3363BCE1FFD339900148B4F /* Regurgitator.m */ = {isa = PBXFileReference; lastKnownFileType = sourcecode.c.objc; path = Regurgitator.m; sourceTree = "<group>"; };
		F3363BD01FFD33AD00148B4F /* Regurgitator.h */ = {isa = PBXFileReference; lastKnownFileType = sourcecode.c.h; path = Regurgitator.h; sourceTree = "<group>"; };
		F36C99FD1FFFCFEE001F5748 /* swift_logo.png */ = {isa = PBXFileReference; lastKnownFileType = image.png; path = swift_logo.png; sourceTree = "<group>"; };
		F36C99FF1FFFDB34001F5748 /* page.html */ = {isa = PBXFileReference; lastKnownFileType = text.html; path = page.html; sourceTree = "<group>"; };
		F385338820C1132F0056AAD6 /* prism.css */ = {isa = PBXFileReference; fileEncoding = 4; lastKnownFileType = text.css; name = prism.css; path = SourcePreview/prism/styles/prism.css; sourceTree = SOURCE_ROOT; };
		F38DB2081F3C546300896C80 /* SwiftPreview.qlgenerator */ = {isa = PBXFileReference; explicitFileType = wrapper.cfbundle; includeInIndex = 0; path = SwiftPreview.qlgenerator; sourceTree = BUILT_PRODUCTS_DIR; };
		F38DB20B1F3C546300896C80 /* GenerateThumbnailForURL.m */ = {isa = PBXFileReference; lastKnownFileType = sourcecode.c.objc; path = GenerateThumbnailForURL.m; sourceTree = "<group>"; };
		F38DB20D1F3C546300896C80 /* GeneratePreviewForURL.m */ = {isa = PBXFileReference; lastKnownFileType = sourcecode.c.objc; path = GeneratePreviewForURL.m; sourceTree = "<group>"; };
		F38DB20F1F3C546300896C80 /* main.c */ = {isa = PBXFileReference; lastKnownFileType = sourcecode.c.c; path = main.c; sourceTree = "<group>"; };
		F38DB2111F3C546300896C80 /* Info.plist */ = {isa = PBXFileReference; lastKnownFileType = text.plist.xml; path = Info.plist; sourceTree = "<group>"; };
		F3964AC51FFB9D1900CA6A1C /* prism.js */ = {isa = PBXFileReference; fileEncoding = 4; lastKnownFileType = sourcecode.javascript; path = prism.js; sourceTree = "<group>"; };
		F3EB3EDF2008BDA400CD705D /* prism.css */ = {isa = PBXFileReference; fileEncoding = 4; lastKnownFileType = text.css; name = prism.css; path = SwiftPreview/prism/styles/prism.css; sourceTree = SOURCE_ROOT; };
/* End PBXFileReference section */

/* Begin PBXFrameworksBuildPhase section */
		F38DB2041F3C546300896C80 /* Frameworks */ = {
			isa = PBXFrameworksBuildPhase;
			buildActionMask = 2147483647;
			files = (
			);
			runOnlyForDeploymentPostprocessing = 0;
		};
/* End PBXFrameworksBuildPhase section */

/* Begin PBXGroup section */
		F327F608213FE0DC0043E9A6 /* Recovered References */ = {
			isa = PBXGroup;
			children = (
				F3EB3EDF2008BDA400CD705D /* prism.css */,
			);
			name = "Recovered References";
			sourceTree = "<group>";
		};
		F38DB1FE1F3C546300896C80 = {
			isa = PBXGroup;
			children = (
				F38DB20A1F3C546300896C80 /* SourcePreview */,
				F38DB2091F3C546300896C80 /* Products */,
				F327F608213FE0DC0043E9A6 /* Recovered References */,
			);
			sourceTree = "<group>";
		};
		F38DB2091F3C546300896C80 /* Products */ = {
			isa = PBXGroup;
			children = (
				F38DB2081F3C546300896C80 /* SwiftPreview.qlgenerator */,
			);
			name = Products;
			sourceTree = "<group>";
		};
		F38DB20A1F3C546300896C80 /* SourcePreview */ = {
			isa = PBXGroup;
			children = (
				F3964AC41FFB95AF00CA6A1C /* prism */,
				F3964AC31FFB95A300CA6A1C /* assets */,
				F38DB20B1F3C546300896C80 /* GenerateThumbnailForURL.m */,
				F38DB20D1F3C546300896C80 /* GeneratePreviewForURL.m */,
				F3363BD01FFD33AD00148B4F /* Regurgitator.h */,
				F3363BCE1FFD339900148B4F /* Regurgitator.m */,
				F38DB20F1F3C546300896C80 /* main.c */,
				F38DB2111F3C546300896C80 /* Info.plist */,
			);
			path = SourcePreview;
			sourceTree = "<group>";
		};
		F3964AC31FFB95A300CA6A1C /* assets */ = {
			isa = PBXGroup;
			children = (
				F36C99FD1FFFCFEE001F5748 /* swift_logo.png */,
				F36C99FF1FFFDB34001F5748 /* page.html */,
			);
			path = assets;
			sourceTree = "<group>";
		};
		F3964AC41FFB95AF00CA6A1C /* prism */ = {
			isa = PBXGroup;
			children = (
				F3964AC71FFB9D1C00CA6A1C /* styles */,
				F3964AC51FFB9D1900CA6A1C /* prism.js */,
			);
			path = prism;
			sourceTree = "<group>";
		};
		F3964AC71FFB9D1C00CA6A1C /* styles */ = {
			isa = PBXGroup;
			children = (
				F385338820C1132F0056AAD6 /* prism.css */,
			);
			name = styles;
			path = "New Group";
			sourceTree = "<group>";
		};
/* End PBXGroup section */

/* Begin PBXHeadersBuildPhase section */
		F38DB2051F3C546300896C80 /* Headers */ = {
			isa = PBXHeadersBuildPhase;
			buildActionMask = 2147483647;
			files = (
				F3363BD11FFD33AD00148B4F /* Regurgitator.h in Headers */,
			);
			runOnlyForDeploymentPostprocessing = 0;
		};
/* End PBXHeadersBuildPhase section */

/* Begin PBXNativeTarget section */
		F38DB2071F3C546300896C80 /* SwiftPreview */ = {
			isa = PBXNativeTarget;
			buildConfigurationList = F38DB2141F3C546300896C80 /* Build configuration list for PBXNativeTarget "SwiftPreview" */;
			buildPhases = (
				F38DB2031F3C546300896C80 /* Sources */,
				F38DB2041F3C546300896C80 /* Frameworks */,
				F38DB2051F3C546300896C80 /* Headers */,
				F38DB2061F3C546300896C80 /* Resources */,
				F36C99F91FFFBCEA001F5748 /* CopyFiles */,
				F3EB3EDE2008B90E00CD705D /* ShellScript */,
			);
			buildRules = (
			);
			dependencies = (
			);
			name = SwiftPreview;
			productName = "ql-swift";
			productReference = F38DB2081F3C546300896C80 /* SwiftPreview.qlgenerator */;
			productType = "com.apple.product-type.bundle";
		};
/* End PBXNativeTarget section */

/* Begin PBXProject section */
		F38DB1FF1F3C546300896C80 /* Project object */ = {
			isa = PBXProject;
			attributes = {
				LastUpgradeCheck = 0830;
				ORGANIZATIONNAME = tsif;
				TargetAttributes = {
					F38DB2071F3C546300896C80 = {
						CreatedOnToolsVersion = 8.3.2;
						LastSwiftMigration = 0920;
						ProvisioningStyle = Automatic;
					};
				};
			};
			buildConfigurationList = F38DB2021F3C546300896C80 /* Build configuration list for PBXProject "SourcePreview" */;
			compatibilityVersion = "Xcode 3.2";
			developmentRegion = English;
			hasScannedForEncodings = 0;
			knownRegions = (
				en,
			);
			mainGroup = F38DB1FE1F3C546300896C80;
			productRefGroup = F38DB2091F3C546300896C80 /* Products */;
			projectDirPath = "";
			projectRoot = "";
			targets = (
				F38DB2071F3C546300896C80 /* SwiftPreview */,
			);
		};
/* End PBXProject section */

/* Begin PBXResourcesBuildPhase section */
		F38DB2061F3C546300896C80 /* Resources */ = {
			isa = PBXResourcesBuildPhase;
			buildActionMask = 2147483647;
			files = (
				F327F611214677330043E9A6 /* prism.css in Resources */,
				F36C9A001FFFDB34001F5748 /* page.html in Resources */,
				F3964AC61FFB9D1900CA6A1C /* prism.js in Resources */,
				F36C99FE1FFFCFEE001F5748 /* swift_logo.png in Resources */,
			);
			runOnlyForDeploymentPostprocessing = 0;
		};
/* End PBXResourcesBuildPhase section */

/* Begin PBXShellScriptBuildPhase section */
		F3EB3EDE2008B90E00CD705D /* ShellScript */ = {
			isa = PBXShellScriptBuildPhase;
			buildActionMask = 2147483647;
			files = (
			);
			inputPaths = (
			);
			outputPaths = (
			);
			runOnlyForDeploymentPostprocessing = 0;
			shellPath = /bin/sh;
			shellScript = "rm -Rf \"~/Library/QuickLook/$FULL_PRODUCT_NAME\"\ncp -R \"$BUILT_PRODUCTS_DIR/$FULL_PRODUCT_NAME\" ~/Library/QuickLook\nqlmanage -r";
		};
/* End PBXShellScriptBuildPhase section */

/* Begin PBXSourcesBuildPhase section */
		F38DB2031F3C546300896C80 /* Sources */ = {
			isa = PBXSourcesBuildPhase;
			buildActionMask = 2147483647;
			files = (
				F3363BCF1FFD339900148B4F /* Regurgitator.m in Sources */,
				F38DB20C1F3C546300896C80 /* GenerateThumbnailForURL.m in Sources */,
				F38DB20E1F3C546300896C80 /* GeneratePreviewForURL.m in Sources */,
				F38DB2101F3C546300896C80 /* main.c in Sources */,
			);
			runOnlyForDeploymentPostprocessing = 0;
		};
/* End PBXSourcesBuildPhase section */

/* Begin XCBuildConfiguration section */
		F38DB2121F3C546300896C80 /* Debug */ = {
			isa = XCBuildConfiguration;
			buildSettings = {
				ALWAYS_SEARCH_USER_PATHS = NO;
				CLANG_ANALYZER_NONNULL = YES;
				CLANG_ANALYZER_NUMBER_OBJECT_CONVERSION = YES_AGGRESSIVE;
				CLANG_CXX_LANGUAGE_STANDARD = "gnu++0x";
				CLANG_CXX_LIBRARY = "libc++";
				CLANG_ENABLE_MODULES = YES;
				CLANG_ENABLE_OBJC_ARC = YES;
				CLANG_WARN_BOOL_CONVERSION = YES;
				CLANG_WARN_CONSTANT_CONVERSION = YES;
				CLANG_WARN_DIRECT_OBJC_ISA_USAGE = YES_ERROR;
				CLANG_WARN_DOCUMENTATION_COMMENTS = YES;
				CLANG_WARN_EMPTY_BODY = YES;
				CLANG_WARN_ENUM_CONVERSION = YES;
				CLANG_WARN_INFINITE_RECURSION = YES;
				CLANG_WARN_INT_CONVERSION = YES;
				CLANG_WARN_OBJC_ROOT_CLASS = YES_ERROR;
				CLANG_WARN_SUSPICIOUS_MOVE = YES;
				CLANG_WARN_UNREACHABLE_CODE = YES;
				CLANG_WARN__DUPLICATE_METHOD_MATCH = YES;
				CODE_SIGN_IDENTITY = "-";
				COPY_PHASE_STRIP = NO;
				DEBUG_INFORMATION_FORMAT = dwarf;
				ENABLE_STRICT_OBJC_MSGSEND = YES;
				ENABLE_TESTABILITY = YES;
				GCC_C_LANGUAGE_STANDARD = gnu99;
				GCC_DYNAMIC_NO_PIC = NO;
				GCC_NO_COMMON_BLOCKS = YES;
				GCC_OPTIMIZATION_LEVEL = 0;
				GCC_PREPROCESSOR_DEFINITIONS = (
					"DEBUG=1",
					"$(inherited)",
				);
				GCC_WARN_64_TO_32_BIT_CONVERSION = YES;
				GCC_WARN_ABOUT_RETURN_TYPE = YES_ERROR;
				GCC_WARN_UNDECLARED_SELECTOR = YES;
				GCC_WARN_UNINITIALIZED_AUTOS = YES_AGGRESSIVE;
				GCC_WARN_UNUSED_FUNCTION = YES;
				GCC_WARN_UNUSED_VARIABLE = YES;
				MACOSX_DEPLOYMENT_TARGET = 10.12;
				MTL_ENABLE_DEBUG_INFO = YES;
				ONLY_ACTIVE_ARCH = YES;
				SDKROOT = macosx;
			};
			name = Debug;
		};
		F38DB2131F3C546300896C80 /* Release */ = {
			isa = XCBuildConfiguration;
			buildSettings = {
				ALWAYS_SEARCH_USER_PATHS = NO;
				CLANG_ANALYZER_NONNULL = YES;
				CLANG_ANALYZER_NUMBER_OBJECT_CONVERSION = YES_AGGRESSIVE;
				CLANG_CXX_LANGUAGE_STANDARD = "gnu++0x";
				CLANG_CXX_LIBRARY = "libc++";
				CLANG_ENABLE_MODULES = YES;
				CLANG_ENABLE_OBJC_ARC = YES;
				CLANG_WARN_BOOL_CONVERSION = YES;
				CLANG_WARN_CONSTANT_CONVERSION = YES;
				CLANG_WARN_DIRECT_OBJC_ISA_USAGE = YES_ERROR;
				CLANG_WARN_DOCUMENTATION_COMMENTS = YES;
				CLANG_WARN_EMPTY_BODY = YES;
				CLANG_WARN_ENUM_CONVERSION = YES;
				CLANG_WARN_INFINITE_RECURSION = YES;
				CLANG_WARN_INT_CONVERSION = YES;
				CLANG_WARN_OBJC_ROOT_CLASS = YES_ERROR;
				CLANG_WARN_SUSPICIOUS_MOVE = YES;
				CLANG_WARN_UNREACHABLE_CODE = YES;
				CLANG_WARN__DUPLICATE_METHOD_MATCH = YES;
				CODE_SIGN_IDENTITY = "-";
				COPY_PHASE_STRIP = NO;
				DEBUG_INFORMATION_FORMAT = "dwarf-with-dsym";
				ENABLE_NS_ASSERTIONS = NO;
				ENABLE_STRICT_OBJC_MSGSEND = YES;
				GCC_C_LANGUAGE_STANDARD = gnu99;
				GCC_NO_COMMON_BLOCKS = YES;
				GCC_WARN_64_TO_32_BIT_CONVERSION = YES;
				GCC_WARN_ABOUT_RETURN_TYPE = YES_ERROR;
				GCC_WARN_UNDECLARED_SELECTOR = YES;
				GCC_WARN_UNINITIALIZED_AUTOS = YES_AGGRESSIVE;
				GCC_WARN_UNUSED_FUNCTION = YES;
				GCC_WARN_UNUSED_VARIABLE = YES;
				MACOSX_DEPLOYMENT_TARGET = 10.12;
				MTL_ENABLE_DEBUG_INFO = NO;
				SDKROOT = macosx;
			};
			name = Release;
		};
		F38DB2151F3C546300896C80 /* Debug */ = {
			isa = XCBuildConfiguration;
			buildSettings = {
				CLANG_ENABLE_MODULES = YES;
				COMBINE_HIDPI_IMAGES = YES;
				INFOPLIST_FILE = SourcePreview/Info.plist;
				INSTALL_PATH = /Library/QuickLook;
				LD_RUNPATH_SEARCH_PATHS = "$(inherited) @executable_path/../Frameworks @loader_path/../Frameworks";
				PRODUCT_BUNDLE_IDENTIFIER = "tsif.swift-preview";
				PRODUCT_NAME = "$(TARGET_NAME)";
				SWIFT_OPTIMIZATION_LEVEL = "-Onone";
				SWIFT_VERSION = 3.0;
				WRAPPER_EXTENSION = qlgenerator;
			};
			name = Debug;
		};
		F38DB2161F3C546300896C80 /* Release */ = {
			isa = XCBuildConfiguration;
			buildSettings = {
				CLANG_ENABLE_MODULES = YES;
				COMBINE_HIDPI_IMAGES = YES;
				INFOPLIST_FILE = SourcePreview/Info.plist;
				INSTALL_PATH = /Library/QuickLook;
				LD_RUNPATH_SEARCH_PATHS = "$(inherited) @executable_path/../Frameworks @loader_path/../Frameworks";
				PRODUCT_BUNDLE_IDENTIFIER = "tsif.swift-preview";
				PRODUCT_NAME = "$(TARGET_NAME)";
				SWIFT_VERSION = 3.0;
				WRAPPER_EXTENSION = qlgenerator;
			};
			name = Release;
		};
/* End XCBuildConfiguration section */

/* Begin XCConfigurationList section */
		F38DB2021F3C546300896C80 /* Build configuration list for PBXProject "SourcePreview" */ = {
			isa = XCConfigurationList;
			buildConfigurations = (
				F38DB2121F3C546300896C80 /* Debug */,
				F38DB2131F3C546300896C80 /* Release */,
			);
			defaultConfigurationIsVisible = 0;
			defaultConfigurationName = Release;
		};
		F38DB2141F3C546300896C80 /* Build configuration list for PBXNativeTarget "SwiftPreview" */ = {
			isa = XCConfigurationList;
			buildConfigurations = (
				F38DB2151F3C546300896C80 /* Debug */,
				F38DB2161F3C546300896C80 /* Release */,
			);
			defaultConfigurationIsVisible = 0;
			defaultConfigurationName = Release;
		};
/* End XCConfigurationList section */
	};
	rootObject = F38DB1FF1F3C546300896C80 /* Project object */;
}
